// !$*UTF8*$!
{
	archiveVersion = 1;
	classes = {
	};
	objectVersion = 53;
	objects = {

/* Begin PBXBuildFile section */
		EF16B64E25FFB90000F33385 /* AlbumViewCell.swift in Sources */ = {isa = PBXBuildFile; fileRef = EF16B64C25FFB90000F33385 /* AlbumViewCell.swift */; };
		EF16B64F25FFB90000F33385 /* AlbumViewCell.xib in Resources */ = {isa = PBXBuildFile; fileRef = EF16B64D25FFB90000F33385 /* AlbumViewCell.xib */; };
		EF52427126221B040010D808 /* VModel.swift in Sources */ = {isa = PBXBuildFile; fileRef = EF52427026221B040010D808 /* VModel.swift */; };
		EF52DA03262F707A00D9145D /* TracksTableViewCell.swift in Sources */ = {isa = PBXBuildFile; fileRef = EF52DA01262F707A00D9145D /* TracksTableViewCell.swift */; };
		EF52DA04262F707A00D9145D /* TracksTableViewCell.xib in Resources */ = {isa = PBXBuildFile; fileRef = EF52DA02262F707A00D9145D /* TracksTableViewCell.xib */; };
		EF79F63625F54949002CCCE2 /* AppDelegate.swift in Sources */ = {isa = PBXBuildFile; fileRef = EF79F63525F54949002CCCE2 /* AppDelegate.swift */; };
		EF79F63825F54949002CCCE2 /* SceneDelegate.swift in Sources */ = {isa = PBXBuildFile; fileRef = EF79F63725F54949002CCCE2 /* SceneDelegate.swift */; };
		EF79F63A25F54949002CCCE2 /* ViewController.swift in Sources */ = {isa = PBXBuildFile; fileRef = EF79F63925F54949002CCCE2 /* ViewController.swift */; };
		EF79F63D25F54949002CCCE2 /* Main.storyboard in Resources */ = {isa = PBXBuildFile; fileRef = EF79F63B25F54949002CCCE2 /* Main.storyboard */; };
		EF79F64025F54949002CCCE2 /* ProjectIOS.xcdatamodeld in Sources */ = {isa = PBXBuildFile; fileRef = EF79F63E25F54949002CCCE2 /* ProjectIOS.xcdatamodeld */; };
		EF79F64225F5494C002CCCE2 /* Assets.xcassets in Resources */ = {isa = PBXBuildFile; fileRef = EF79F64125F5494C002CCCE2 /* Assets.xcassets */; };
		EF79F64525F5494C002CCCE2 /* LaunchScreen.storyboard in Resources */ = {isa = PBXBuildFile; fileRef = EF79F64325F5494C002CCCE2 /* LaunchScreen.storyboard */; };
		EFB0F2232619073200CCD321 /* TrackResponse.swift in Sources */ = {isa = PBXBuildFile; fileRef = EFB0F2222619073200CCD321 /* TrackResponse.swift */; };
		EFC5AA44261503C600381ABD /* TracksViewController.swift in Sources */ = {isa = PBXBuildFile; fileRef = EFC5AA43261503C600381ABD /* TracksViewController.swift */; };
		EFD3B38C25FEA380003D8520 /* SearchResponse.swift in Sources */ = {isa = PBXBuildFile; fileRef = EFD3B38B25FEA380003D8520 /* SearchResponse.swift */; };
		EFD3B38F25FEB4BB003D8520 /* Network.swift in Sources */ = {isa = PBXBuildFile; fileRef = EFD3B38E25FEB4BB003D8520 /* Network.swift */; };
/* End PBXBuildFile section */

/* Begin PBXFileReference section */
		EF16B64C25FFB90000F33385 /* AlbumViewCell.swift */ = {isa = PBXFileReference; lastKnownFileType = sourcecode.swift; path = AlbumViewCell.swift; sourceTree = "<group>"; };
		EF16B64D25FFB90000F33385 /* AlbumViewCell.xib */ = {isa = PBXFileReference; lastKnownFileType = file.xib; path = AlbumViewCell.xib; sourceTree = "<group>"; };
		EF52427026221B040010D808 /* VModel.swift */ = {isa = PBXFileReference; lastKnownFileType = sourcecode.swift; path = VModel.swift; sourceTree = "<group>"; };
		EF52DA01262F707A00D9145D /* TracksTableViewCell.swift */ = {isa = PBXFileReference; lastKnownFileType = sourcecode.swift; path = TracksTableViewCell.swift; sourceTree = "<group>"; };
		EF52DA02262F707A00D9145D /* TracksTableViewCell.xib */ = {isa = PBXFileReference; lastKnownFileType = file.xib; path = TracksTableViewCell.xib; sourceTree = "<group>"; };
		EF79F63225F54949002CCCE2 /* ProjectIOS.app */ = {isa = PBXFileReference; explicitFileType = wrapper.application; includeInIndex = 0; path = ProjectIOS.app; sourceTree = BUILT_PRODUCTS_DIR; };
		EF79F63525F54949002CCCE2 /* AppDelegate.swift */ = {isa = PBXFileReference; lastKnownFileType = sourcecode.swift; path = AppDelegate.swift; sourceTree = "<group>"; };
		EF79F63725F54949002CCCE2 /* SceneDelegate.swift */ = {isa = PBXFileReference; lastKnownFileType = sourcecode.swift; path = SceneDelegate.swift; sourceTree = "<group>"; };
		EF79F63925F54949002CCCE2 /* ViewController.swift */ = {isa = PBXFileReference; lastKnownFileType = sourcecode.swift; path = ViewController.swift; sourceTree = "<group>"; };
		EF79F63C25F54949002CCCE2 /* Base */ = {isa = PBXFileReference; lastKnownFileType = file.storyboard; name = Base; path = Base.lproj/Main.storyboard; sourceTree = "<group>"; };
		EF79F63F25F54949002CCCE2 /* ProjectIOS.xcdatamodel */ = {isa = PBXFileReference; lastKnownFileType = wrapper.xcdatamodel; path = ProjectIOS.xcdatamodel; sourceTree = "<group>"; };
		EF79F64125F5494C002CCCE2 /* Assets.xcassets */ = {isa = PBXFileReference; lastKnownFileType = folder.assetcatalog; path = Assets.xcassets; sourceTree = "<group>"; };
		EF79F64425F5494C002CCCE2 /* Base */ = {isa = PBXFileReference; lastKnownFileType = file.storyboard; name = Base; path = Base.lproj/LaunchScreen.storyboard; sourceTree = "<group>"; };
		EF79F64625F5494C002CCCE2 /* Info.plist */ = {isa = PBXFileReference; lastKnownFileType = text.plist.xml; path = Info.plist; sourceTree = "<group>"; };
		EFB0F2222619073200CCD321 /* TrackResponse.swift */ = {isa = PBXFileReference; lastKnownFileType = sourcecode.swift; path = TrackResponse.swift; sourceTree = "<group>"; };
		EFC5AA43261503C600381ABD /* TracksViewController.swift */ = {isa = PBXFileReference; lastKnownFileType = sourcecode.swift; path = TracksViewController.swift; sourceTree = "<group>"; };
		EFD3B38B25FEA380003D8520 /* SearchResponse.swift */ = {isa = PBXFileReference; lastKnownFileType = sourcecode.swift; path = SearchResponse.swift; sourceTree = "<group>"; };
		EFD3B38E25FEB4BB003D8520 /* Network.swift */ = {isa = PBXFileReference; lastKnownFileType = sourcecode.swift; path = Network.swift; sourceTree = "<group>"; };
		EFD3C1892613AA980096A360 /* .swiftlint.yml */ = {isa = PBXFileReference; lastKnownFileType = text.yaml; name = .swiftlint.yml; path = ProjectIOS/.swiftlint.yml; sourceTree = "<group>"; };
/* End PBXFileReference section */

/* Begin PBXFrameworksBuildPhase section */
		EF79F62F25F54949002CCCE2 /* Frameworks */ = {
			isa = PBXFrameworksBuildPhase;
			buildActionMask = 2147483647;
			files = (
			);
			runOnlyForDeploymentPostprocessing = 0;
		};
/* End PBXFrameworksBuildPhase section */

/* Begin PBXGroup section */
		EF79F62925F54949002CCCE2 = {
			isa = PBXGroup;
			children = (
				EFD3C1892613AA980096A360 /* .swiftlint.yml */,
				EF79F63425F54949002CCCE2 /* ProjectIOS */,
				EF79F63325F54949002CCCE2 /* Products */,
			);
			sourceTree = "<group>";
		};
		EF79F63325F54949002CCCE2 /* Products */ = {
			isa = PBXGroup;
			children = (
				EF79F63225F54949002CCCE2 /* ProjectIOS.app */,
			);
			name = Products;
			sourceTree = "<group>";
		};
		EF79F63425F54949002CCCE2 /* ProjectIOS */ = {
			isa = PBXGroup;
			children = (
				EF79F63525F54949002CCCE2 /* AppDelegate.swift */,
				EF79F63725F54949002CCCE2 /* SceneDelegate.swift */,
				EF79F63925F54949002CCCE2 /* ViewController.swift */,
				EF79F63B25F54949002CCCE2 /* Main.storyboard */,
				EF79F64125F5494C002CCCE2 /* Assets.xcassets */,
				EF79F64325F5494C002CCCE2 /* LaunchScreen.storyboard */,
				EF79F64625F5494C002CCCE2 /* Info.plist */,
				EF79F63E25F54949002CCCE2 /* ProjectIOS.xcdatamodeld */,
				EFD3B38B25FEA380003D8520 /* SearchResponse.swift */,
				EFD3B38E25FEB4BB003D8520 /* Network.swift */,
				EF16B64C25FFB90000F33385 /* AlbumViewCell.swift */,
				EF16B64D25FFB90000F33385 /* AlbumViewCell.xib */,
				EFC5AA43261503C600381ABD /* TracksViewController.swift */,
				EFB0F2222619073200CCD321 /* TrackResponse.swift */,
				EF52427026221B040010D808 /* VModel.swift */,
				EF52DA01262F707A00D9145D /* TracksTableViewCell.swift */,
				EF52DA02262F707A00D9145D /* TracksTableViewCell.xib */,
			);
			path = ProjectIOS;
			sourceTree = "<group>";
		};
/* End PBXGroup section */

/* Begin PBXNativeTarget section */
		EF79F63125F54949002CCCE2 /* ProjectIOS */ = {
			isa = PBXNativeTarget;
			buildConfigurationList = EF79F64925F5494C002CCCE2 /* Build configuration list for PBXNativeTarget "ProjectIOS" */;
			buildPhases = (
				EF79F62E25F54949002CCCE2 /* Sources */,
				EF79F62F25F54949002CCCE2 /* Frameworks */,
				EF79F63025F54949002CCCE2 /* Resources */,
				EFD3C1862613A8510096A360 /* Swiftlint */,
			);
			buildRules = (
			);
			dependencies = (
			);
			name = ProjectIOS;
			productName = ProjectIOS;
			productReference = EF79F63225F54949002CCCE2 /* ProjectIOS.app */;
			productType = "com.apple.product-type.application";
		};
/* End PBXNativeTarget section */

/* Begin PBXProject section */
		EF79F62A25F54949002CCCE2 /* Project object */ = {
			isa = PBXProject;
			attributes = {
				LastSwiftUpdateCheck = 1240;
				LastUpgradeCheck = 1240;
				TargetAttributes = {
					EF79F63125F54949002CCCE2 = {
						CreatedOnToolsVersion = 12.4;
					};
				};
			};
			buildConfigurationList = EF79F62D25F54949002CCCE2 /* Build configuration list for PBXProject "ProjectIOS" */;
			compatibilityVersion = "Xcode 11.4";
			developmentRegion = en;
			hasScannedForEncodings = 0;
			knownRegions = (
				en,
				Base,
			);
			mainGroup = EF79F62925F54949002CCCE2;
			productRefGroup = EF79F63325F54949002CCCE2 /* Products */;
			projectDirPath = "";
			projectRoot = "";
			targets = (
				EF79F63125F54949002CCCE2 /* ProjectIOS */,
			);
		};
/* End PBXProject section */

/* Begin PBXResourcesBuildPhase section */
		EF79F63025F54949002CCCE2 /* Resources */ = {
			isa = PBXResourcesBuildPhase;
			buildActionMask = 2147483647;
			files = (
				EF79F64525F5494C002CCCE2 /* LaunchScreen.storyboard in Resources */,
				EF79F64225F5494C002CCCE2 /* Assets.xcassets in Resources */,
				EF16B64F25FFB90000F33385 /* AlbumViewCell.xib in Resources */,
				EF52DA04262F707A00D9145D /* TracksTableViewCell.xib in Resources */,
				EF79F63D25F54949002CCCE2 /* Main.storyboard in Resources */,
			);
			runOnlyForDeploymentPostprocessing = 0;
		};
/* End PBXResourcesBuildPhase section */

/* Begin PBXShellScriptBuildPhase section */
		EFD3C1862613A8510096A360 /* Swiftlint */ = {
			isa = PBXShellScriptBuildPhase;
			buildActionMask = 2147483647;
			files = (
			);
			inputFileListPaths = (
			);
			inputPaths = (
			);
			name = Swiftlint;
			outputFileListPaths = (
			);
			outputPaths = (
			);
			runOnlyForDeploymentPostprocessing = 0;
			shellPath = /bin/sh;
			shellScript = "if which swiftlint >/dev/null; then\n  swiftlint\nelse\n  echo \"error: SwiftLint does not exist, download it from https://github.com/realm/SwiftLint\"\n  exit 1\nfi\n";
		};
/* End PBXShellScriptBuildPhase section */

/* Begin PBXSourcesBuildPhase section */
		EF79F62E25F54949002CCCE2 /* Sources */ = {
			isa = PBXSourcesBuildPhase;
			buildActionMask = 2147483647;
			files = (
				EF52DA03262F707A00D9145D /* TracksTableViewCell.swift in Sources */,
				EF79F63A25F54949002CCCE2 /* ViewController.swift in Sources */,
				EFD3B38C25FEA380003D8520 /* SearchResponse.swift in Sources */,
				EF52427126221B040010D808 /* VModel.swift in Sources */,
				EFB0F2232619073200CCD321 /* TrackResponse.swift in Sources */,
				EFD3B38F25FEB4BB003D8520 /* Network.swift in Sources */,
				EF79F64025F54949002CCCE2 /* ProjectIOS.xcdatamodeld in Sources */,
				EFC5AA44261503C600381ABD /* TracksViewController.swift in Sources */,
				EF16B64E25FFB90000F33385 /* AlbumViewCell.swift in Sources */,
				EF79F63625F54949002CCCE2 /* AppDelegate.swift in Sources */,
				EF79F63825F54949002CCCE2 /* SceneDelegate.swift in Sources */,
			);
			runOnlyForDeploymentPostprocessing = 0;
		};
/* End PBXSourcesBuildPhase section */

/* Begin PBXVariantGroup section */
		EF79F63B25F54949002CCCE2 /* Main.storyboard */ = {
			isa = PBXVariantGroup;
			children = (
				EF79F63C25F54949002CCCE2 /* Base */,
			);
			name = Main.storyboard;
			sourceTree = "<group>";
		};
		EF79F64325F5494C002CCCE2 /* LaunchScreen.storyboard */ = {
			isa = PBXVariantGroup;
			children = (
				EF79F64425F5494C002CCCE2 /* Base */,
			);
			name = LaunchScreen.storyboard;
			sourceTree = "<group>";
		};
/* End PBXVariantGroup section */

/* Begin XCBuildConfiguration section */
		EF79F64725F5494C002CCCE2 /* Debug */ = {
			isa = XCBuildConfiguration;
			buildSettings = {
				ALWAYS_SEARCH_USER_PATHS = NO;
				CLANG_ANALYZER_NONNULL = YES;
				CLANG_ANALYZER_NUMBER_OBJECT_CONVERSION = YES_AGGRESSIVE;
				CLANG_CXX_LANGUAGE_STANDARD = "gnu++14";
				CLANG_CXX_LIBRARY = "libc++";
				CLANG_ENABLE_MODULES = YES;
				CLANG_ENABLE_OBJC_ARC = YES;
				CLANG_ENABLE_OBJC_WEAK = YES;
				CLANG_WARN_BLOCK_CAPTURE_AUTORELEASING = YES;
				CLANG_WARN_BOOL_CONVERSION = YES;
				CLANG_WARN_COMMA = YES;
				CLANG_WARN_CONSTANT_CONVERSION = YES;
				CLANG_WARN_DEPRECATED_OBJC_IMPLEMENTATIONS = YES;
				CLANG_WARN_DIRECT_OBJC_ISA_USAGE = YES_ERROR;
				CLANG_WARN_DOCUMENTATION_COMMENTS = YES;
				CLANG_WARN_EMPTY_BODY = YES;
				CLANG_WARN_ENUM_CONVERSION = YES;
				CLANG_WARN_INFINITE_RECURSION = YES;
				CLANG_WARN_INT_CONVERSION = YES;
				CLANG_WARN_NON_LITERAL_NULL_CONVERSION = YES;
				CLANG_WARN_OBJC_IMPLICIT_RETAIN_SELF = YES;
				CLANG_WARN_OBJC_LITERAL_CONVERSION = YES;
				CLANG_WARN_OBJC_ROOT_CLASS = YES_ERROR;
				CLANG_WARN_QUOTED_INCLUDE_IN_FRAMEWORK_HEADER = YES;
				CLANG_WARN_RANGE_LOOP_ANALYSIS = YES;
				CLANG_WARN_STRICT_PROTOTYPES = YES;
				CLANG_WARN_SUSPICIOUS_MOVE = YES;
				CLANG_WARN_UNGUARDED_AVAILABILITY = YES_AGGRESSIVE;
				CLANG_WARN_UNREACHABLE_CODE = YES;
				CLANG_WARN__DUPLICATE_METHOD_MATCH = YES;
				COPY_PHASE_STRIP = NO;
				DEBUG_INFORMATION_FORMAT = dwarf;
				ENABLE_STRICT_OBJC_MSGSEND = YES;
				ENABLE_TESTABILITY = YES;
				GCC_C_LANGUAGE_STANDARD = gnu11;
				GCC_DYNAMIC_NO_PIC = NO;
				GCC_NO_COMMON_BLOCKS = YES;
				GCC_OPTIMIZATION_LEVEL = 0;
				GCC_PREPROCESSOR_DEFINITIONS = (
					"DEBUG=1",
					"$(inherited)",
				);
				GCC_WARN_64_TO_32_BIT_CONVERSION = YES;
				GCC_WARN_ABOUT_RETURN_TYPE = YES_ERROR;
				GCC_WARN_UNDECLARED_SELECTOR = YES;
				GCC_WARN_UNINITIALIZED_AUTOS = YES_AGGRESSIVE;
				GCC_WARN_UNUSED_FUNCTION = YES;
				GCC_WARN_UNUSED_VARIABLE = YES;
				IPHONEOS_DEPLOYMENT_TARGET = 13.6;
				MTL_ENABLE_DEBUG_INFO = INCLUDE_SOURCE;
				MTL_FAST_MATH = YES;
				ONLY_ACTIVE_ARCH = YES;
				SDKROOT = iphoneos;
				SWIFT_ACTIVE_COMPILATION_CONDITIONS = DEBUG;
				SWIFT_OPTIMIZATION_LEVEL = "-Onone";
			};
			name = Debug;
		};
		EF79F64825F5494C002CCCE2 /* Release */ = {
			isa = XCBuildConfiguration;
			buildSettings = {
				ALWAYS_SEARCH_USER_PATHS = NO;
				CLANG_ANALYZER_NONNULL = YES;
				CLANG_ANALYZER_NUMBER_OBJECT_CONVERSION = YES_AGGRESSIVE;
				CLANG_CXX_LANGUAGE_STANDARD = "gnu++14";
				CLANG_CXX_LIBRARY = "libc++";
				CLANG_ENABLE_MODULES = YES;
				CLANG_ENABLE_OBJC_ARC = YES;
				CLANG_ENABLE_OBJC_WEAK = YES;
				CLANG_WARN_BLOCK_CAPTURE_AUTORELEASING = YES;
				CLANG_WARN_BOOL_CONVERSION = YES;
				CLANG_WARN_COMMA = YES;
				CLANG_WARN_CONSTANT_CONVERSION = YES;
				CLANG_WARN_DEPRECATED_OBJC_IMPLEMENTATIONS = YES;
				CLANG_WARN_DIRECT_OBJC_ISA_USAGE = YES_ERROR;
				CLANG_WARN_DOCUMENTATION_COMMENTS = YES;
				CLANG_WARN_EMPTY_BODY = YES;
				CLANG_WARN_ENUM_CONVERSION = YES;
				CLANG_WARN_INFINITE_RECURSION = YES;
				CLANG_WARN_INT_CONVERSION = YES;
				CLANG_WARN_NON_LITERAL_NULL_CONVERSION = YES;
				CLANG_WARN_OBJC_IMPLICIT_RETAIN_SELF = YES;
				CLANG_WARN_OBJC_LITERAL_CONVERSION = YES;
				CLANG_WARN_OBJC_ROOT_CLASS = YES_ERROR;
				CLANG_WARN_QUOTED_INCLUDE_IN_FRAMEWORK_HEADER = YES;
				CLANG_WARN_RANGE_LOOP_ANALYSIS = YES;
				CLANG_WARN_STRICT_PROTOTYPES = YES;
				CLANG_WARN_SUSPICIOUS_MOVE = YES;
				CLANG_WARN_UNGUARDED_AVAILABILITY = YES_AGGRESSIVE;
				CLANG_WARN_UNREACHABLE_CODE = YES;
				CLANG_WARN__DUPLICATE_METHOD_MATCH = YES;
				COPY_PHASE_STRIP = NO;
				DEBUG_INFORMATION_FORMAT = "dwarf-with-dsym";
				ENABLE_NS_ASSERTIONS = NO;
				ENABLE_STRICT_OBJC_MSGSEND = YES;
				GCC_C_LANGUAGE_STANDARD = gnu11;
				GCC_NO_COMMON_BLOCKS = YES;
				GCC_WARN_64_TO_32_BIT_CONVERSION = YES;
				GCC_WARN_ABOUT_RETURN_TYPE = YES_ERROR;
				GCC_WARN_UNDECLARED_SELECTOR = YES;
				GCC_WARN_UNINITIALIZED_AUTOS = YES_AGGRESSIVE;
				GCC_WARN_UNUSED_FUNCTION = YES;
				GCC_WARN_UNUSED_VARIABLE = YES;
				IPHONEOS_DEPLOYMENT_TARGET = 13.6;
				MTL_ENABLE_DEBUG_INFO = NO;
				MTL_FAST_MATH = YES;
				SDKROOT = iphoneos;
				SWIFT_COMPILATION_MODE = wholemodule;
				SWIFT_OPTIMIZATION_LEVEL = "-O";
				VALIDATE_PRODUCT = YES;
			};
			name = Release;
		};
		EF79F64A25F5494C002CCCE2 /* Debug */ = {
			isa = XCBuildConfiguration;
			buildSettings = {
				ASSETCATALOG_COMPILER_APPICON_NAME = AppIcon;
				ASSETCATALOG_COMPILER_GLOBAL_ACCENT_COLOR_NAME = AccentColor;
				CODE_SIGN_STYLE = Automatic;
				INFOPLIST_FILE = ProjectIOS/Info.plist;
				IPHONEOS_DEPLOYMENT_TARGET = 13.2;
				LD_RUNPATH_SEARCH_PATHS = (
					"$(inherited)",
					"@executable_path/Frameworks",
				);
				PRODUCT_BUNDLE_IDENTIFIER = com.test.test.ProjectIOS;
				PRODUCT_NAME = "$(TARGET_NAME)";
				SWIFT_VERSION = 5.0;
				TARGETED_DEVICE_FAMILY = 1;
			};
			name = Debug;
		};
		EF79F64B25F5494C002CCCE2 /* Release */ = {
			isa = XCBuildConfiguration;
			buildSettings = {
				ASSETCATALOG_COMPILER_APPICON_NAME = AppIcon;
				ASSETCATALOG_COMPILER_GLOBAL_ACCENT_COLOR_NAME = AccentColor;
				CODE_SIGN_STYLE = Automatic;
				INFOPLIST_FILE = ProjectIOS/Info.plist;
				IPHONEOS_DEPLOYMENT_TARGET = 13.2;
				LD_RUNPATH_SEARCH_PATHS = (
					"$(inherited)",
					"@executable_path/Frameworks",
				);
				PRODUCT_BUNDLE_IDENTIFIER = com.test.test.ProjectIOS;
				PRODUCT_NAME = "$(TARGET_NAME)";
				SWIFT_VERSION = 5.0;
				TARGETED_DEVICE_FAMILY = 1;
			};
			name = Release;
		};
/* End XCBuildConfiguration section */

/* Begin XCConfigurationList section */
		EF79F62D25F54949002CCCE2 /* Build configuration list for PBXProject "ProjectIOS" */ = {
			isa = XCConfigurationList;
			buildConfigurations = (
				EF79F64725F5494C002CCCE2 /* Debug */,
				EF79F64825F5494C002CCCE2 /* Release */,
			);
			defaultConfigurationIsVisible = 0;
			defaultConfigurationName = Release;
		};
		EF79F64925F5494C002CCCE2 /* Build configuration list for PBXNativeTarget "ProjectIOS" */ = {
			isa = XCConfigurationList;
			buildConfigurations = (
				EF79F64A25F5494C002CCCE2 /* Debug */,
				EF79F64B25F5494C002CCCE2 /* Release */,
			);
			defaultConfigurationIsVisible = 0;
			defaultConfigurationName = Release;
		};
/* End XCConfigurationList section */

/* Begin XCVersionGroup section */
		EF79F63E25F54949002CCCE2 /* ProjectIOS.xcdatamodeld */ = {
			isa = XCVersionGroup;
			children = (
				EF79F63F25F54949002CCCE2 /* ProjectIOS.xcdatamodel */,
			);
			currentVersion = EF79F63F25F54949002CCCE2 /* ProjectIOS.xcdatamodel */;
			path = ProjectIOS.xcdatamodeld;
			sourceTree = "<group>";
			versionGroupType = wrapper.xcdatamodel;
		};
/* End XCVersionGroup section */
	};
	rootObject = EF79F62A25F54949002CCCE2 /* Project object */;
}
